{
  "name": "@chatr/angular",
  "version": "1.0.0",
  "lockfileVersion": 1,
  "requires": true,
  "dependencies": {
    "@chatr/ng-input": {
      "version": "0.0.1",
      "resolved": "https://registry.npmjs.org/@chatr/ng-input/-/ng-input-0.0.1.tgz",
      "integrity": "sha512-kyil3BHGeJ3y8Zbv8A/43cJiiejOGhmdaTIMeuD9XVg3Nf4+Zjvw8u4qjdYGdtxUaynYJdz8wNZ+6pVR/dnhzQ==",
      "requires": {
        "tslib": "^2.0.0"
      }
    },
    "@chatr/ng-message": {
      "version": "0.0.1",
      "resolved": "https://registry.npmjs.org/@chatr/ng-message/-/ng-message-0.0.1.tgz",
      "integrity": "sha512-DNQgsQuSJGC5w0Ycbsxa7uj6u2ARPkyxhSqobeytI6cf8AOzpNr7Rt29rGqgE7IdFA7AF/wlOIzx/qOZLoiNJA==",
      "requires": {
        "tslib": "^2.0.0"
      }
    },
    "@chatr/ng-message-data": {
      "version": "0.0.1",
      "resolved": "https://registry.npmjs.org/@chatr/ng-message-data/-/ng-message-data-0.0.1.tgz",
      "integrity": "sha512-NZC+gXeOEoBnWn2KVNo4f6cbEA0670/OjhTqkwuCL4CM3y3Y1QAuQe5eOB8x/SWvMykPFpG46VXyLWrXaFCyLw==",
      "requires": {
        "tslib": "^2.0.0"
      }
    },
    "@ctrl/tinycolor": {
      "version": "3.1.6",
      "resolved": "https://registry.npmjs.org/@ctrl/tinycolor/-/tinycolor-3.1.6.tgz",
      "integrity": "sha512-9RUTT3omv+5mSYFVsX143R7cTDQmT1FibCzoUVmO294mRIT0Sc8dk5srN27BTH0JKzQDWKkNCKh6q/+EkNfpkA=="
    },
    "@fortawesome/angular-fontawesome": {
      "version": "0.7.0",
      "resolved": "https://registry.npmjs.org/@fortawesome/angular-fontawesome/-/angular-fontawesome-0.7.0.tgz",
      "integrity": "sha512-U+eHYbKuVYrrm9SnIfl+z+6KTiI4Pu+S2OKh34JIi7C1jHhDcrVeDZISP/cpswHY7LWWDOPYeKE+yuWFlL4aVw==",
      "requires": {
        "tslib": "^2.0.0"
      }
    },
    "@fortawesome/fontawesome-common-types": {
      "version": "0.2.32",
      "resolved": "https://registry.npmjs.org/@fortawesome/fontawesome-common-types/-/fontawesome-common-types-0.2.32.tgz",
      "integrity": "sha512-ux2EDjKMpcdHBVLi/eWZynnPxs0BtFVXJkgHIxXRl+9ZFaHPvYamAfCzeeQFqHRjuJtX90wVnMRaMQAAlctz3w=="
    },
    "@fortawesome/fontawesome-svg-core": {
      "version": "1.2.32",
      "resolved": "https://registry.npmjs.org/@fortawesome/fontawesome-svg-core/-/fontawesome-svg-core-1.2.32.tgz",
      "integrity": "sha512-XjqyeLCsR/c/usUpdWcOdVtWFVjPbDFBTQkn2fQRrWhhUoxriQohO2RWDxLyUM8XpD+Zzg5xwJ8gqTYGDLeGaQ==",
      "requires": {
        "@fortawesome/fontawesome-common-types": "^0.2.32"
      }
    },
    "@fortawesome/free-regular-svg-icons": {
      "version": "5.15.1",
      "resolved": "https://registry.npmjs.org/@fortawesome/free-regular-svg-icons/-/free-regular-svg-icons-5.15.1.tgz",
      "integrity": "sha512-eD9NWFy89e7SVVtrLedJUxIpCBGhd4x7s7dhesokjyo1Tw62daqN5UcuAGu1NrepLLq1IeAYUVfWwnOjZ/j3HA==",
      "requires": {
        "@fortawesome/fontawesome-common-types": "^0.2.32"
      }
    },
    "@fortawesome/free-solid-svg-icons": {
      "version": "5.15.1",
      "resolved": "https://registry.npmjs.org/@fortawesome/free-solid-svg-icons/-/free-solid-svg-icons-5.15.1.tgz",
      "integrity": "sha512-EFMuKtzRMNbvjab/SvJBaOOpaqJfdSap/Nl6hst7CgrJxwfORR1drdTV6q1Ib/JVzq4xObdTDcT6sqTaXMqfdg==",
      "requires": {
        "@fortawesome/fontawesome-common-types": "^0.2.32"
      }
    },
    "filepond": {
      "version": "4.21.1",
      "resolved": "https://registry.npmjs.org/filepond/-/filepond-4.21.1.tgz",
      "integrity": "sha512-mVCc4lR63dSP6a0LW9bRlRGIrAgRuuQAWDxdDJzAXQ9JWtUQtyvFlxgaU/02jYrBIBYvnQV+AJ/dgG9HOKfCKw=="
    },
    "filepond-plugin-file-validate-type": {
      "version": "1.2.5",
      "resolved": "https://registry.npmjs.org/filepond-plugin-file-validate-type/-/filepond-plugin-file-validate-type-1.2.5.tgz",
      "integrity": "sha512-SsdYD6N+PDnetrPrBHfl13ZC9jRv5BuGdai5cORfANhuE/N32OwU/IclCNQ4qlpIa88hzqBg9dj6IINkiW+4HA=="
    },
    "material-colors": {
      "version": "1.2.6",
      "resolved": "https://registry.npmjs.org/material-colors/-/material-colors-1.2.6.tgz",
      "integrity": "sha512-6qE4B9deFBIa9YSpOc9O0Sgc43zTeVYbgDT5veRKSlB2+ZuHNoVVxA1L/ckMUayV9Ay9y7Z/SZCLcGteW9i7bg=="
    },
    "ngx-color": {
      "version": "6.0.4",
      "resolved": "https://registry.npmjs.org/ngx-color/-/ngx-color-6.0.4.tgz",
      "integrity": "sha512-9Rpa2BPxsie4qpCpbbOSr0R+14J29j0CwSOiICnlNll/LAtUWvDm4+RgQB6lCWQJchKi16QFmL0M3WWMheCkYg==",
      "requires": {
        "@ctrl/tinycolor": "^3.1.4",
        "material-colors": "^1.2.6",
        "tslib": "^2.0.0"
      }
    },
    "ngx-filepond": {
      "version": "5.0.1",
      "resolved": "https://registry.npmjs.org/ngx-filepond/-/ngx-filepond-5.0.1.tgz",
      "integrity": "sha512-ohilvQVFE6uv+MPV6zx0H7roKGb5jXuAuzsfFouH3u4fpKzISZyWa0bvIzKW+UNTpzFQ6pIdCn8yBCA9MaSkCg==",
      "requires": {
        "tslib": "^1.9.0"
      },
      "dependencies": {
        "tslib": {
          "version": "1.14.1",
          "resolved": "https://registry.npmjs.org/tslib/-/tslib-1.14.1.tgz",
          "integrity": "sha512-Xni35NKzjgMrwevysHTCArtLDpPvye8zV/0E4EyYn43P7/7qvQwPh9BGkHewbMulVntbigmcT7rdX3BNo9wRJg=="
        }
      }
    },
    "time-ago-pipe": {
      "version": "1.3.2",
      "resolved": "https://registry.npmjs.org/time-ago-pipe/-/time-ago-pipe-1.3.2.tgz",
      "integrity": "sha512-ecKcPRPzQ4iDGrcifplKod4/Ael6w65LAw0Ll/IEJBv+CBmKZGMLpgduLWmlgu6Ow8ykwb/Fp2SPqPNDTLpuoQ==",
      "requires": {
        "tslib": "^1.7.1"
      },
      "dependencies": {
        "tslib": {
          "version": "1.14.1",
          "resolved": "https://registry.npmjs.org/tslib/-/tslib-1.14.1.tgz",
          "integrity": "sha512-Xni35NKzjgMrwevysHTCArtLDpPvye8zV/0E4EyYn43P7/7qvQwPh9BGkHewbMulVntbigmcT7rdX3BNo9wRJg=="
        }
      }
    },
    "tslib": {
      "version": "2.0.3",
      "resolved": "https://registry.npmjs.org/tslib/-/tslib-2.0.3.tgz",
      "integrity": "sha512-uZtkfKblCEQtZKBF6EBXVZeQNl82yqtDQdv+eck8u7tdPxjLu2/lp5/uPW+um2tpuxINHWy3GhiccY7QgEaVHQ=="
    }
  }
}
